{
  "requires": true,
  "lockfileVersion": 1,
  "dependencies": {
    "vue-cookies": {
      "version": "1.5.12",
      "resolved": "https://registry.npmjs.org/vue-cookies/-/vue-cookies-1.5.12.tgz",
      "integrity": "sha512-NaXbxyJIyi8/UgC8ZLQ6O+6OQze5taToCWOkRo28NP4ZRtEyQ04qkEu6KL9g/1w/BGsuhUw5puSi13V0qz8vnw=="
    }
  }
}
